
Microsoft Visual Studio Solution File, Format Version 12.00
# Visual Studio Version 17
VisualStudioVersion = 17.1.32421.90
MinimumVisualStudioVersion = 10.0.40219.1
Project("{FAE04EC0-301F-11D3-BF4B-00C04F79EFBC}") = "Core", "Core\Core.csproj", "{4F78CEEF-9BF2-4999-8A4A-55189A5A2CEE}"
EndProject
Project("{FAE04EC0-301F-11D3-BF4B-00C04F79EFBC}") = "ClubSchool", "ClubSchool\ClubSchool.csproj", "{F22789C0-CEEA-47F6-A44F-7129AEFFFFF7}"
EndProject
Global
	GlobalSection(SolutionConfigurationPlatforms) = preSolution
		Debug|Any CPU = Debug|Any CPU
		Release|Any CPU = Release|Any CPU
	EndGlobalSection
	GlobalSection(ProjectConfigurationPlatforms) = postSolution
		{4F78CEEF-9BF2-4999-8A4A-55189A5A2CEE}.Debug|Any CPU.ActiveCfg = Debug|Any CPU
		{4F78CEEF-9BF2-4999-8A4A-55189A5A2CEE}.Debug|Any CPU.Build.0 = Debug|Any CPU
		{4F78CEEF-9BF2-4999-8A4A-55189A5A2CEE}.Release|Any CPU.ActiveCfg = Release|Any CPU
		{4F78CEEF-9BF2-4999-8A4A-55189A5A2CEE}.Release|Any CPU.Build.0 = Release|Any CPU
		{F22789C0-CEEA-47F6-A44F-7129AEFFFFF7}.Debug|Any CPU.ActiveCfg = Debug|Any CPU
		{F22789C0-CEEA-47F6-A44F-7129AEFFFFF7}.Debug|Any CPU.Build.0 = Debug|Any CPU
		{F22789C0-CEEA-47F6-A44F-7129AEFFFFF7}.Release|Any CPU.ActiveCfg = Release|Any CPU
		{F22789C0-CEEA-47F6-A44F-7129AEFFFFF7}.Release|Any CPU.Build.0 = Release|Any CPU
	EndGlobalSection
	GlobalSection(SolutionProperties) = preSolution
		HideSolutionNode = FALSE
	EndGlobalSection
	GlobalSection(ExtensibilityGlobals) = postSolution
		SolutionGuid = {FDAE97CD-5D2B-4A8A-957B-F09928FFF0CE}
	EndGlobalSection
EndGlobal
